// !$*UTF8*$!
{
	archiveVersion = 1;
	classes = {
	};
	objectVersion = 56;
	objects = {

/* Begin PBXBuildFile section */
		1CA3B6702D22B0F600176711 /* TransactionsTestTaskTests.swift in Sources */ = {isa = PBXBuildFile; fileRef = 1CA3B66F2D22B0F600176711 /* TransactionsTestTaskTests.swift */; };
		6D3E2B162E03026A0066BB63 /* ExportService.swift in Sources */ = {isa = PBXBuildFile; fileRef = 6D3E2B152E03026A0066BB63 /* ExportService.swift */; };
		6DACD1012E0210EB0003C05E /* ServicesAssemblerTests.swift in Resources */ = {isa = PBXBuildFile; fileRef = 6DACD0FC2E0210EB0003C05E /* ServicesAssemblerTests.swift */; };
		6DACD1022E0210EB0003C05E /* CoreDataStackTests.swift in Resources */ = {isa = PBXBuildFile; fileRef = 6DACD0FD2E0210EB0003C05E /* CoreDataStackTests.swift */; };
		6DACD1032E0210EB0003C05E /* DashboardViewModelTests.swift in Resources */ = {isa = PBXBuildFile; fileRef = 6DACD0FE2E0210EB0003C05E /* DashboardViewModelTests.swift */; };
		6DACD1042E0210EB0003C05E /* StatisticsViewModelTests.swift in Resources */ = {isa = PBXBuildFile; fileRef = 6DACD0FF2E0210EB0003C05E /* StatisticsViewModelTests.swift */; };
		6DACD1052E0210EB0003C05E /* AddTransactionViewModelTests.swift in Resources */ = {isa = PBXBuildFile; fileRef = 6DACD1002E0210EB0003C05E /* AddTransactionViewModelTests.swift */; };
		6DACD1402E029DEE0003C05E /* Transaction.swift in Sources */ = {isa = PBXBuildFile; fileRef = 6DACD1082E029DED0003C05E /* Transaction.swift */; };
		6DACD1412E029DEE0003C05E /* TransactionStatistics.swift in Sources */ = {isa = PBXBuildFile; fileRef = 6DACD1092E029DED0003C05E /* TransactionStatistics.swift */; };
		6DACD1422E029DEE0003C05E /* AddTransactionUseCase.swift in Sources */ = {isa = PBXBuildFile; fileRef = 6DACD10B2E029DED0003C05E /* AddTransactionUseCase.swift */; };
		6DACD1432E029DEE0003C05E /* FetchTransactionsUseCase.swift in Sources */ = {isa = PBXBuildFile; fileRef = 6DACD10C2E029DED0003C05E /* FetchTransactionsUseCase.swift */; };
		6DACD1442E029DEE0003C05E /* AppCoordinator.swift in Sources */ = {isa = PBXBuildFile; fileRef = 6DACD10F2E029DED0003C05E /* AppCoordinator.swift */; };
		6DACD1452E029DEE0003C05E /* Constants.swift in Sources */ = {isa = PBXBuildFile; fileRef = 6DACD1112E029DED0003C05E /* Constants.swift */; };
		6DACD1462E029DEE0003C05E /* UIView+Extensions.swift in Sources */ = {isa = PBXBuildFile; fileRef = 6DACD1132E029DED0003C05E /* UIView+Extensions.swift */; };
		6DACD1472E029DEE0003C05E /* CoreDataStack.swift in Sources */ = {isa = PBXBuildFile; fileRef = 6DACD1162E029DED0003C05E /* CoreDataStack.swift */; };
		6DACD1482E029DEE0003C05E /* TransactionRepository.swift in Sources */ = {isa = PBXBuildFile; fileRef = 6DACD1182E029DED0003C05E /* TransactionRepository.swift */; };
		6DACD1492E029DEE0003C05E /* BitcoinRateService.swift in Sources */ = {isa = PBXBuildFile; fileRef = 6DACD11A2E029DED0003C05E /* BitcoinRateService.swift */; };
		6DACD14B2E029DEE0003C05E /* TransactionsTestTask.xcdatamodeld in Sources */ = {isa = PBXBuildFile; fileRef = 6DACD11D2E029DEE0003C05E /* TransactionsTestTask.xcdatamodeld */; };
		6DACD14C2E029DEE0003C05E /* Assets.xcassets in Resources */ = {isa = PBXBuildFile; fileRef = 6DACD11F2E029DEE0003C05E /* Assets.xcassets */; };
		6DACD14D2E029DEE0003C05E /* LaunchScreen.storyboard in Resources */ = {isa = PBXBuildFile; fileRef = 6DACD1202E029DEE0003C05E /* LaunchScreen.storyboard */; };
		6DACD14E2E029DEE0003C05E /* AppDelegate.swift in Sources */ = {isa = PBXBuildFile; fileRef = 6DACD1232E029DEE0003C05E /* AppDelegate.swift */; };
		6DACD1502E029DEE0003C05E /* SceneDelegate.swift in Sources */ = {isa = PBXBuildFile; fileRef = 6DACD1252E029DEE0003C05E /* SceneDelegate.swift */; };
		6DACD1512E029DEE0003C05E /* StatisticsViewModel.swift in Sources */ = {isa = PBXBuildFile; fileRef = 6DACD1292E029DEE0003C05E /* StatisticsViewModel.swift */; };
		6DACD1522E029DEE0003C05E /* StatisticsViewController.swift in Sources */ = {isa = PBXBuildFile; fileRef = 6DACD12A2E029DEE0003C05E /* StatisticsViewController.swift */; };
		6DACD1532E029DEE0003C05E /* StatisticsHeaderView.swift in Sources */ = {isa = PBXBuildFile; fileRef = 6DACD12C2E029DEE0003C05E /* StatisticsHeaderView.swift */; };
		6DACD1542E029DEE0003C05E /* CategoryBreakdownView.swift in Sources */ = {isa = PBXBuildFile; fileRef = 6DACD12D2E029DEE0003C05E /* CategoryBreakdownView.swift */; };
		6DACD1552E029DEE0003C05E /* BalanceChartView.swift in Sources */ = {isa = PBXBuildFile; fileRef = 6DACD12E2E029DEE0003C05E /* BalanceChartView.swift */; };
		6DACD1562E029DEE0003C05E /* SettingsViewController.swift in Sources */ = {isa = PBXBuildFile; fileRef = 6DACD1302E029DEE0003C05E /* SettingsViewController.swift */; };
		6DACD1572E029DEE0003C05E /* DashboardViewController.swift in Sources */ = {isa = PBXBuildFile; fileRef = 6DACD1322E029DEE0003C05E /* DashboardViewController.swift */; };
		6DACD1582E029DEE0003C05E /* DashboardViewModel.swift in Sources */ = {isa = PBXBuildFile; fileRef = 6DACD1332E029DEE0003C05E /* DashboardViewModel.swift */; };
		6DACD1592E029DEE0003C05E /* DashboardHeaderView.swift in Sources */ = {isa = PBXBuildFile; fileRef = 6DACD1352E029DEE0003C05E /* DashboardHeaderView.swift */; };
		6DACD15A2E029DEE0003C05E /* TransactionListView.swift in Sources */ = {isa = PBXBuildFile; fileRef = 6DACD1362E029DEE0003C05E /* TransactionListView.swift */; };
		6DACD15B2E029DEE0003C05E /* AddTransactionViewModel.swift in Sources */ = {isa = PBXBuildFile; fileRef = 6DACD1382E029DEE0003C05E /* AddTransactionViewModel.swift */; };
		6DACD15C2E029DEE0003C05E /* AddTransactionViewController.swift in Sources */ = {isa = PBXBuildFile; fileRef = 6DACD1392E029DEE0003C05E /* AddTransactionViewController.swift */; };
		6DACD15D2E029DEE0003C05E /* LoadMoreTableViewCell.swift in Sources */ = {isa = PBXBuildFile; fileRef = 6DACD13C2E029DEE0003C05E /* LoadMoreTableViewCell.swift */; };
		6DACD15E2E029DEE0003C05E /* TransactionTableViewCell.swift in Sources */ = {isa = PBXBuildFile; fileRef = 6DACD13D2E029DEE0003C05E /* TransactionTableViewCell.swift */; };
		6DACD15F2E029DEE0003C05E /* ViewModelProtocol.swift in Sources */ = {isa = PBXBuildFile; fileRef = 6DACD13F2E029DEE0003C05E /* ViewModelProtocol.swift */; };
/* End PBXBuildFile section */

/* Begin PBXContainerItemProxy section */
		1CA3B66C2D22B0F600176711 /* PBXContainerItemProxy */ = {
			isa = PBXContainerItemProxy;
			containerPortal = 1CA3B64A2D22B0F500176711 /* Project object */;
			proxyType = 1;
			remoteGlobalIDString = 1CA3B6512D22B0F500176711;
			remoteInfo = TransactionsTestTask;
		};
		1CA3B6762D22B0F600176711 /* PBXContainerItemProxy */ = {
			isa = PBXContainerItemProxy;
			containerPortal = 1CA3B64A2D22B0F500176711 /* Project object */;
			proxyType = 1;
			remoteGlobalIDString = 1CA3B6512D22B0F500176711;
			remoteInfo = TransactionsTestTask;
		};
/* End PBXContainerItemProxy section */

/* Begin PBXFileReference section */
		1CA3B6522D22B0F500176711 /* OBRIO test.app */ = {isa = PBXFileReference; explicitFileType = wrapper.application; includeInIndex = 0; path = "OBRIO test.app"; sourceTree = BUILT_PRODUCTS_DIR; };
		1CA3B66B2D22B0F600176711 /* TransactionsTestTaskTests.xctest */ = {isa = PBXFileReference; explicitFileType = wrapper.cfbundle; includeInIndex = 0; path = TransactionsTestTaskTests.xctest; sourceTree = BUILT_PRODUCTS_DIR; };
		1CA3B66F2D22B0F600176711 /* TransactionsTestTaskTests.swift */ = {isa = PBXFileReference; lastKnownFileType = sourcecode.swift; path = TransactionsTestTaskTests.swift; sourceTree = "<group>"; };
		1CA3B6752D22B0F600176711 /* TransactionsTestTaskUITests.xctest */ = {isa = PBXFileReference; explicitFileType = wrapper.cfbundle; includeInIndex = 0; path = TransactionsTestTaskUITests.xctest; sourceTree = BUILT_PRODUCTS_DIR; };
		6D3E2B152E03026A0066BB63 /* ExportService.swift */ = {isa = PBXFileReference; fileEncoding = 4; lastKnownFileType = sourcecode.swift; path = ExportService.swift; sourceTree = "<group>"; };
		6DACD0FC2E0210EB0003C05E /* ServicesAssemblerTests.swift */ = {isa = PBXFileReference; fileEncoding = 4; lastKnownFileType = sourcecode.swift; path = ServicesAssemblerTests.swift; sourceTree = "<group>"; };
		6DACD0FD2E0210EB0003C05E /* CoreDataStackTests.swift */ = {isa = PBXFileReference; fileEncoding = 4; lastKnownFileType = sourcecode.swift; path = CoreDataStackTests.swift; sourceTree = "<group>"; };
		6DACD0FE2E0210EB0003C05E /* DashboardViewModelTests.swift */ = {isa = PBXFileReference; fileEncoding = 4; lastKnownFileType = sourcecode.swift; path = DashboardViewModelTests.swift; sourceTree = "<group>"; };
		6DACD0FF2E0210EB0003C05E /* StatisticsViewModelTests.swift */ = {isa = PBXFileReference; fileEncoding = 4; lastKnownFileType = sourcecode.swift; path = StatisticsViewModelTests.swift; sourceTree = "<group>"; };
		6DACD1002E0210EB0003C05E /* AddTransactionViewModelTests.swift */ = {isa = PBXFileReference; fileEncoding = 4; lastKnownFileType = sourcecode.swift; path = AddTransactionViewModelTests.swift; sourceTree = "<group>"; };
		6DACD1082E029DED0003C05E /* Transaction.swift */ = {isa = PBXFileReference; fileEncoding = 4; lastKnownFileType = sourcecode.swift; path = Transaction.swift; sourceTree = "<group>"; };
		6DACD1092E029DED0003C05E /* TransactionStatistics.swift */ = {isa = PBXFileReference; fileEncoding = 4; lastKnownFileType = sourcecode.swift; path = TransactionStatistics.swift; sourceTree = "<group>"; };
		6DACD10B2E029DED0003C05E /* AddTransactionUseCase.swift */ = {isa = PBXFileReference; fileEncoding = 4; lastKnownFileType = sourcecode.swift; path = AddTransactionUseCase.swift; sourceTree = "<group>"; };
		6DACD10C2E029DED0003C05E /* FetchTransactionsUseCase.swift */ = {isa = PBXFileReference; fileEncoding = 4; lastKnownFileType = sourcecode.swift; path = FetchTransactionsUseCase.swift; sourceTree = "<group>"; };
		6DACD10F2E029DED0003C05E /* AppCoordinator.swift */ = {isa = PBXFileReference; fileEncoding = 4; lastKnownFileType = sourcecode.swift; path = AppCoordinator.swift; sourceTree = "<group>"; };
		6DACD1112E029DED0003C05E /* Constants.swift */ = {isa = PBXFileReference; fileEncoding = 4; lastKnownFileType = sourcecode.swift; path = Constants.swift; sourceTree = "<group>"; };
		6DACD1132E029DED0003C05E /* UIView+Extensions.swift */ = {isa = PBXFileReference; fileEncoding = 4; lastKnownFileType = sourcecode.swift; path = "UIView+Extensions.swift"; sourceTree = "<group>"; };
		6DACD1162E029DED0003C05E /* CoreDataStack.swift */ = {isa = PBXFileReference; fileEncoding = 4; lastKnownFileType = sourcecode.swift; path = CoreDataStack.swift; sourceTree = "<group>"; };
		6DACD1182E029DED0003C05E /* TransactionRepository.swift */ = {isa = PBXFileReference; fileEncoding = 4; lastKnownFileType = sourcecode.swift; path = TransactionRepository.swift; sourceTree = "<group>"; };
		6DACD11A2E029DED0003C05E /* BitcoinRateService.swift */ = {isa = PBXFileReference; fileEncoding = 4; lastKnownFileType = sourcecode.swift; path = BitcoinRateService.swift; sourceTree = "<group>"; };
		6DACD11E2E029DEE0003C05E /* TransactionsTestTask.xcdatamodel */ = {isa = PBXFileReference; lastKnownFileType = wrapper.xcdatamodel; path = TransactionsTestTask.xcdatamodel; sourceTree = "<group>"; };
		6DACD11F2E029DEE0003C05E /* Assets.xcassets */ = {isa = PBXFileReference; lastKnownFileType = folder.assetcatalog; path = Assets.xcassets; sourceTree = "<group>"; };
		6DACD1212E029DEE0003C05E /* Base */ = {isa = PBXFileReference; lastKnownFileType = file.storyboard; name = Base; path = Base.lproj/LaunchScreen.storyboard; sourceTree = "<group>"; };
		6DACD1232E029DEE0003C05E /* AppDelegate.swift */ = {isa = PBXFileReference; fileEncoding = 4; lastKnownFileType = sourcecode.swift; path = AppDelegate.swift; sourceTree = "<group>"; };
		6DACD1242E029DEE0003C05E /* Info.plist */ = {isa = PBXFileReference; fileEncoding = 4; lastKnownFileType = text.plist.xml; path = Info.plist; sourceTree = "<group>"; };
		6DACD1252E029DEE0003C05E /* SceneDelegate.swift */ = {isa = PBXFileReference; fileEncoding = 4; lastKnownFileType = sourcecode.swift; path = SceneDelegate.swift; sourceTree = "<group>"; };
		6DACD1292E029DEE0003C05E /* StatisticsViewModel.swift */ = {isa = PBXFileReference; fileEncoding = 4; lastKnownFileType = sourcecode.swift; path = StatisticsViewModel.swift; sourceTree = "<group>"; };
		6DACD12A2E029DEE0003C05E /* StatisticsViewController.swift */ = {isa = PBXFileReference; fileEncoding = 4; lastKnownFileType = sourcecode.swift; path = StatisticsViewController.swift; sourceTree = "<group>"; };
		6DACD12C2E029DEE0003C05E /* StatisticsHeaderView.swift */ = {isa = PBXFileReference; fileEncoding = 4; lastKnownFileType = sourcecode.swift; path = StatisticsHeaderView.swift; sourceTree = "<group>"; };
		6DACD12D2E029DEE0003C05E /* CategoryBreakdownView.swift */ = {isa = PBXFileReference; fileEncoding = 4; lastKnownFileType = sourcecode.swift; path = CategoryBreakdownView.swift; sourceTree = "<group>"; };
		6DACD12E2E029DEE0003C05E /* BalanceChartView.swift */ = {isa = PBXFileReference; fileEncoding = 4; lastKnownFileType = sourcecode.swift; path = BalanceChartView.swift; sourceTree = "<group>"; };
		6DACD1302E029DEE0003C05E /* SettingsViewController.swift */ = {isa = PBXFileReference; fileEncoding = 4; lastKnownFileType = sourcecode.swift; path = SettingsViewController.swift; sourceTree = "<group>"; };
		6DACD1322E029DEE0003C05E /* DashboardViewController.swift */ = {isa = PBXFileReference; fileEncoding = 4; lastKnownFileType = sourcecode.swift; path = DashboardViewController.swift; sourceTree = "<group>"; };
		6DACD1332E029DEE0003C05E /* DashboardViewModel.swift */ = {isa = PBXFileReference; fileEncoding = 4; lastKnownFileType = sourcecode.swift; path = DashboardViewModel.swift; sourceTree = "<group>"; };
		6DACD1352E029DEE0003C05E /* DashboardHeaderView.swift */ = {isa = PBXFileReference; fileEncoding = 4; lastKnownFileType = sourcecode.swift; path = DashboardHeaderView.swift; sourceTree = "<group>"; };
		6DACD1362E029DEE0003C05E /* TransactionListView.swift */ = {isa = PBXFileReference; fileEncoding = 4; lastKnownFileType = sourcecode.swift; path = TransactionListView.swift; sourceTree = "<group>"; };
		6DACD1382E029DEE0003C05E /* AddTransactionViewModel.swift */ = {isa = PBXFileReference; fileEncoding = 4; lastKnownFileType = sourcecode.swift; path = AddTransactionViewModel.swift; sourceTree = "<group>"; };
		6DACD1392E029DEE0003C05E /* AddTransactionViewController.swift */ = {isa = PBXFileReference; fileEncoding = 4; lastKnownFileType = sourcecode.swift; path = AddTransactionViewController.swift; sourceTree = "<group>"; };
		6DACD13C2E029DEE0003C05E /* LoadMoreTableViewCell.swift */ = {isa = PBXFileReference; fileEncoding = 4; lastKnownFileType = sourcecode.swift; path = LoadMoreTableViewCell.swift; sourceTree = "<group>"; };
		6DACD13D2E029DEE0003C05E /* TransactionTableViewCell.swift */ = {isa = PBXFileReference; fileEncoding = 4; lastKnownFileType = sourcecode.swift; path = TransactionTableViewCell.swift; sourceTree = "<group>"; };
		6DACD13F2E029DEE0003C05E /* ViewModelProtocol.swift */ = {isa = PBXFileReference; fileEncoding = 4; lastKnownFileType = sourcecode.swift; path = ViewModelProtocol.swift; sourceTree = "<group>"; };
/* End PBXFileReference section */

/* Begin PBXFrameworksBuildPhase section */
		1CA3B64F2D22B0F500176711 /* Frameworks */ = {
			isa = PBXFrameworksBuildPhase;
			buildActionMask = 2147483647;
			files = (
			);
			runOnlyForDeploymentPostprocessing = 0;
		};
		1CA3B6682D22B0F600176711 /* Frameworks */ = {
			isa = PBXFrameworksBuildPhase;
			buildActionMask = 2147483647;
			files = (
			);
			runOnlyForDeploymentPostprocessing = 0;
		};
		1CA3B6722D22B0F600176711 /* Frameworks */ = {
			isa = PBXFrameworksBuildPhase;
			buildActionMask = 2147483647;
			files = (
			);
			runOnlyForDeploymentPostprocessing = 0;
		};
/* End PBXFrameworksBuildPhase section */

/* Begin PBXGroup section */
		1CA3B6492D22B0F500176711 = {
			isa = PBXGroup;
			children = (
				1CA3B6542D22B0F500176711 /* TransactionsTestTask */,
				1CA3B66E2D22B0F600176711 /* TransactionsTestTaskTests */,
				1CA3B6532D22B0F500176711 /* Products */,
			);
			sourceTree = "<group>";
		};
		1CA3B6532D22B0F500176711 /* Products */ = {
			isa = PBXGroup;
			children = (
				1CA3B6522D22B0F500176711 /* OBRIO test.app */,
				1CA3B66B2D22B0F600176711 /* TransactionsTestTaskTests.xctest */,
				1CA3B6752D22B0F600176711 /* TransactionsTestTaskUITests.xctest */,
			);
			name = Products;
			sourceTree = "<group>";
		};
		1CA3B6542D22B0F500176711 /* TransactionsTestTask */ = {
			isa = PBXGroup;
			children = (
				6DACD1222E029DEE0003C05E /* App */,
				6DACD10D2E029DED0003C05E /* Core */,
				6DACD1142E029DED0003C05E /* Data */,
				6DACD1062E029DED0003C05E /* Domain */,
				6DACD1262E029DEE0003C05E /* Presentation */,
				6DACD11C2E029DEE0003C05E /* Resources */,
			);
			path = TransactionsTestTask;
			sourceTree = "<group>";
		};
		1CA3B66E2D22B0F600176711 /* TransactionsTestTaskTests */ = {
			isa = PBXGroup;
			children = (
				6DACD1002E0210EB0003C05E /* AddTransactionViewModelTests.swift */,
				6DACD0FD2E0210EB0003C05E /* CoreDataStackTests.swift */,
				6DACD0FE2E0210EB0003C05E /* DashboardViewModelTests.swift */,
				6DACD0FC2E0210EB0003C05E /* ServicesAssemblerTests.swift */,
				6DACD0FF2E0210EB0003C05E /* StatisticsViewModelTests.swift */,
				1CA3B66F2D22B0F600176711 /* TransactionsTestTaskTests.swift */,
			);
			path = TransactionsTestTaskTests;
			sourceTree = "<group>";
		};
		6DACD1062E029DED0003C05E /* Domain */ = {
			isa = PBXGroup;
			children = (
				6DACD1072E029DED0003C05E /* Models */,
				6DACD10A2E029DED0003C05E /* UseCases */,
			);
			path = Domain;
			sourceTree = "<group>";
		};
		6DACD1072E029DED0003C05E /* Models */ = {
			isa = PBXGroup;
			children = (
				6DACD1082E029DED0003C05E /* Transaction.swift */,
				6DACD1092E029DED0003C05E /* TransactionStatistics.swift */,
			);
			path = Models;
			sourceTree = "<group>";
		};
		6DACD10A2E029DED0003C05E /* UseCases */ = {
			isa = PBXGroup;
			children = (
				6DACD10B2E029DED0003C05E /* AddTransactionUseCase.swift */,
				6DACD10C2E029DED0003C05E /* FetchTransactionsUseCase.swift */,
			);
			path = UseCases;
			sourceTree = "<group>";
		};
		6DACD10D2E029DED0003C05E /* Core */ = {
			isa = PBXGroup;
			children = (
				6DACD10E2E029DED0003C05E /* Coordinators */,
				6DACD1102E029DED0003C05E /* Utils */,
				6DACD1122E029DED0003C05E /* Extensions */,
			);
			path = Core;
			sourceTree = "<group>";
		};
		6DACD10E2E029DED0003C05E /* Coordinators */ = {
			isa = PBXGroup;
			children = (
				6DACD10F2E029DED0003C05E /* AppCoordinator.swift */,
			);
			path = Coordinators;
			sourceTree = "<group>";
		};
		6DACD1102E029DED0003C05E /* Utils */ = {
			isa = PBXGroup;
			children = (
				6DACD1112E029DED0003C05E /* Constants.swift */,
			);
			path = Utils;
			sourceTree = "<group>";
		};
		6DACD1122E029DED0003C05E /* Extensions */ = {
			isa = PBXGroup;
			children = (
				6DACD1132E029DED0003C05E /* UIView+Extensions.swift */,
			);
			path = Extensions;
			sourceTree = "<group>";
		};
		6DACD1142E029DED0003C05E /* Data */ = {
			isa = PBXGroup;
			children = (
				6DACD1152E029DED0003C05E /* CoreData */,
				6DACD1172E029DED0003C05E /* Repositories */,
				6DACD1192E029DED0003C05E /* Services */,
			);
			path = Data;
			sourceTree = "<group>";
		};
		6DACD1152E029DED0003C05E /* CoreData */ = {
			isa = PBXGroup;
			children = (
				6DACD1162E029DED0003C05E /* CoreDataStack.swift */,
			);
			path = CoreData;
			sourceTree = "<group>";
		};
		6DACD1172E029DED0003C05E /* Repositories */ = {
			isa = PBXGroup;
			children = (
				6DACD1182E029DED0003C05E /* TransactionRepository.swift */,
			);
			path = Repositories;
			sourceTree = "<group>";
		};
		6DACD1192E029DED0003C05E /* Services */ = {
			isa = PBXGroup;
			children = (
				6D3E2B152E03026A0066BB63 /* ExportService.swift */,
				6DACD11A2E029DED0003C05E /* BitcoinRateService.swift */,
			);
			path = Services;
			sourceTree = "<group>";
		};
		6DACD11C2E029DEE0003C05E /* Resources */ = {
			isa = PBXGroup;
			children = (
				6DACD11D2E029DEE0003C05E /* TransactionsTestTask.xcdatamodeld */,
				6DACD11F2E029DEE0003C05E /* Assets.xcassets */,
				6DACD1202E029DEE0003C05E /* LaunchScreen.storyboard */,
			);
			path = Resources;
			sourceTree = "<group>";
		};
		6DACD1222E029DEE0003C05E /* App */ = {
			isa = PBXGroup;
			children = (
				6DACD1232E029DEE0003C05E /* AppDelegate.swift */,
				6DACD1242E029DEE0003C05E /* Info.plist */,
				6DACD1252E029DEE0003C05E /* SceneDelegate.swift */,
			);
			path = App;
			sourceTree = "<group>";
		};
		6DACD1262E029DEE0003C05E /* Presentation */ = {
			isa = PBXGroup;
			children = (
				6DACD1272E029DEE0003C05E /* Screens */,
				6DACD13A2E029DEE0003C05E /* Common */,
			);
			path = Presentation;
			sourceTree = "<group>";
		};
		6DACD1272E029DEE0003C05E /* Screens */ = {
			isa = PBXGroup;
			children = (
				6DACD1282E029DEE0003C05E /* Statistics */,
				6DACD12F2E029DEE0003C05E /* Settings */,
				6DACD1312E029DEE0003C05E /* Dashboard */,
				6DACD1372E029DEE0003C05E /* AddTransaction */,
			);
			path = Screens;
			sourceTree = "<group>";
		};
		6DACD1282E029DEE0003C05E /* Statistics */ = {
			isa = PBXGroup;
			children = (
				6DACD1292E029DEE0003C05E /* StatisticsViewModel.swift */,
				6DACD12A2E029DEE0003C05E /* StatisticsViewController.swift */,
				6DACD12B2E029DEE0003C05E /* Views */,
			);
			path = Statistics;
			sourceTree = "<group>";
		};
		6DACD12B2E029DEE0003C05E /* Views */ = {
			isa = PBXGroup;
			children = (
				6DACD12C2E029DEE0003C05E /* StatisticsHeaderView.swift */,
				6DACD12D2E029DEE0003C05E /* CategoryBreakdownView.swift */,
				6DACD12E2E029DEE0003C05E /* BalanceChartView.swift */,
			);
			path = Views;
			sourceTree = "<group>";
		};
		6DACD12F2E029DEE0003C05E /* Settings */ = {
			isa = PBXGroup;
			children = (
				6DACD1302E029DEE0003C05E /* SettingsViewController.swift */,
			);
			path = Settings;
			sourceTree = "<group>";
		};
		6DACD1312E029DEE0003C05E /* Dashboard */ = {
			isa = PBXGroup;
			children = (
				6DACD1322E029DEE0003C05E /* DashboardViewController.swift */,
				6DACD1332E029DEE0003C05E /* DashboardViewModel.swift */,
				6DACD1342E029DEE0003C05E /* Views */,
			);
			path = Dashboard;
			sourceTree = "<group>";
		};
		6DACD1342E029DEE0003C05E /* Views */ = {
			isa = PBXGroup;
			children = (
				6DACD1352E029DEE0003C05E /* DashboardHeaderView.swift */,
				6DACD1362E029DEE0003C05E /* TransactionListView.swift */,
			);
			path = Views;
			sourceTree = "<group>";
		};
		6DACD1372E029DEE0003C05E /* AddTransaction */ = {
			isa = PBXGroup;
			children = (
				6DACD1382E029DEE0003C05E /* AddTransactionViewModel.swift */,
				6DACD1392E029DEE0003C05E /* AddTransactionViewController.swift */,
			);
			path = AddTransaction;
			sourceTree = "<group>";
		};
		6DACD13A2E029DEE0003C05E /* Common */ = {
			isa = PBXGroup;
			children = (
				6DACD13B2E029DEE0003C05E /* Views */,
				6DACD13E2E029DEE0003C05E /* Protocols */,
			);
			path = Common;
			sourceTree = "<group>";
		};
		6DACD13B2E029DEE0003C05E /* Views */ = {
			isa = PBXGroup;
			children = (
				6DACD13C2E029DEE0003C05E /* LoadMoreTableViewCell.swift */,
				6DACD13D2E029DEE0003C05E /* TransactionTableViewCell.swift */,
			);
			path = Views;
			sourceTree = "<group>";
		};
		6DACD13E2E029DEE0003C05E /* Protocols */ = {
			isa = PBXGroup;
			children = (
				6DACD13F2E029DEE0003C05E /* ViewModelProtocol.swift */,
			);
			path = Protocols;
			sourceTree = "<group>";
		};
/* End PBXGroup section */

/* Begin PBXNativeTarget section */
		1CA3B6512D22B0F500176711 /* TransactionsTestTask */ = {
			isa = PBXNativeTarget;
			buildConfigurationList = 1CA3B67F2D22B0F600176711 /* Build configuration list for PBXNativeTarget "TransactionsTestTask" */;
			buildPhases = (
				1CA3B64E2D22B0F500176711 /* Sources */,
				1CA3B64F2D22B0F500176711 /* Frameworks */,
				1CA3B6502D22B0F500176711 /* Resources */,
			);
			buildRules = (
			);
			dependencies = (
			);
			name = TransactionsTestTask;
			productName = TransactionsTestTask;
			productReference = 1CA3B6522D22B0F500176711 /* OBRIO test.app */;
			productType = "com.apple.product-type.application";
		};
		1CA3B66A2D22B0F600176711 /* TransactionsTestTaskTests */ = {
			isa = PBXNativeTarget;
			buildConfigurationList = 1CA3B6822D22B0F600176711 /* Build configuration list for PBXNativeTarget "TransactionsTestTaskTests" */;
			buildPhases = (
				1CA3B6672D22B0F600176711 /* Sources */,
				1CA3B6682D22B0F600176711 /* Frameworks */,
				1CA3B6692D22B0F600176711 /* Resources */,
			);
			buildRules = (
			);
			dependencies = (
				1CA3B66D2D22B0F600176711 /* PBXTargetDependency */,
			);
			name = TransactionsTestTaskTests;
			productName = TransactionsTestTaskTests;
			productReference = 1CA3B66B2D22B0F600176711 /* TransactionsTestTaskTests.xctest */;
			productType = "com.apple.product-type.bundle.unit-test";
		};
		1CA3B6742D22B0F600176711 /* TransactionsTestTaskUITests */ = {
			isa = PBXNativeTarget;
			buildConfigurationList = 1CA3B6852D22B0F600176711 /* Build configuration list for PBXNativeTarget "TransactionsTestTaskUITests" */;
			buildPhases = (
				1CA3B6712D22B0F600176711 /* Sources */,
				1CA3B6722D22B0F600176711 /* Frameworks */,
				1CA3B6732D22B0F600176711 /* Resources */,
			);
			buildRules = (
			);
			dependencies = (
				1CA3B6772D22B0F600176711 /* PBXTargetDependency */,
			);
			name = TransactionsTestTaskUITests;
			productName = TransactionsTestTaskUITests;
			productReference = 1CA3B6752D22B0F600176711 /* TransactionsTestTaskUITests.xctest */;
			productType = "com.apple.product-type.bundle.ui-testing";
		};
/* End PBXNativeTarget section */

/* Begin PBXProject section */
		1CA3B64A2D22B0F500176711 /* Project object */ = {
			isa = PBXProject;
			attributes = {
				BuildIndependentTargetsInParallel = 1;
				LastSwiftUpdateCheck = 1540;
				LastUpgradeCheck = 1540;
				TargetAttributes = {
					1CA3B6512D22B0F500176711 = {
						CreatedOnToolsVersion = 15.4;
					};
					1CA3B66A2D22B0F600176711 = {
						CreatedOnToolsVersion = 15.4;
						TestTargetID = 1CA3B6512D22B0F500176711;
					};
					1CA3B6742D22B0F600176711 = {
						CreatedOnToolsVersion = 15.4;
						TestTargetID = 1CA3B6512D22B0F500176711;
					};
				};
			};
			buildConfigurationList = 1CA3B64D2D22B0F500176711 /* Build configuration list for PBXProject "TransactionsTestTask" */;
			compatibilityVersion = "Xcode 14.0";
			developmentRegion = en;
			hasScannedForEncodings = 0;
			knownRegions = (
				en,
				Base,
			);
			mainGroup = 1CA3B6492D22B0F500176711;
			productRefGroup = 1CA3B6532D22B0F500176711 /* Products */;
			projectDirPath = "";
			projectRoot = "";
			targets = (
				1CA3B6512D22B0F500176711 /* TransactionsTestTask */,
				1CA3B66A2D22B0F600176711 /* TransactionsTestTaskTests */,
				1CA3B6742D22B0F600176711 /* TransactionsTestTaskUITests */,
			);
		};
/* End PBXProject section */

/* Begin PBXResourcesBuildPhase section */
		1CA3B6502D22B0F500176711 /* Resources */ = {
			isa = PBXResourcesBuildPhase;
			buildActionMask = 2147483647;
			files = (
				6DACD14D2E029DEE0003C05E /* LaunchScreen.storyboard in Resources */,
				6DACD14C2E029DEE0003C05E /* Assets.xcassets in Resources */,
			);
			runOnlyForDeploymentPostprocessing = 0;
		};
		1CA3B6692D22B0F600176711 /* Resources */ = {
			isa = PBXResourcesBuildPhase;
			buildActionMask = 2147483647;
			files = (
				6DACD1022E0210EB0003C05E /* CoreDataStackTests.swift in Resources */,
				6DACD1052E0210EB0003C05E /* AddTransactionViewModelTests.swift in Resources */,
				6DACD1012E0210EB0003C05E /* ServicesAssemblerTests.swift in Resources */,
				6DACD1042E0210EB0003C05E /* StatisticsViewModelTests.swift in Resources */,
				6DACD1032E0210EB0003C05E /* DashboardViewModelTests.swift in Resources */,
			);
			runOnlyForDeploymentPostprocessing = 0;
		};
		1CA3B6732D22B0F600176711 /* Resources */ = {
			isa = PBXResourcesBuildPhase;
			buildActionMask = 2147483647;
			files = (
			);
			runOnlyForDeploymentPostprocessing = 0;
		};
/* End PBXResourcesBuildPhase section */

/* Begin PBXSourcesBuildPhase section */
		1CA3B64E2D22B0F500176711 /* Sources */ = {
			isa = PBXSourcesBuildPhase;
			buildActionMask = 2147483647;
			files = (
				6D3E2B162E03026A0066BB63 /* ExportService.swift in Sources */,
				6DACD1442E029DEE0003C05E /* AppCoordinator.swift in Sources */,
				6DACD1412E029DEE0003C05E /* TransactionStatistics.swift in Sources */,
				6DACD1562E029DEE0003C05E /* SettingsViewController.swift in Sources */,
				6DACD1492E029DEE0003C05E /* BitcoinRateService.swift in Sources */,
				6DACD1432E029DEE0003C05E /* FetchTransactionsUseCase.swift in Sources */,
				6DACD1532E029DEE0003C05E /* StatisticsHeaderView.swift in Sources */,
				6DACD15C2E029DEE0003C05E /* AddTransactionViewController.swift in Sources */,
				6DACD14E2E029DEE0003C05E /* AppDelegate.swift in Sources */,
				6DACD15A2E029DEE0003C05E /* TransactionListView.swift in Sources */,
				6DACD1502E029DEE0003C05E /* SceneDelegate.swift in Sources */,
				6DACD15B2E029DEE0003C05E /* AddTransactionViewModel.swift in Sources */,
				6DACD15D2E029DEE0003C05E /* LoadMoreTableViewCell.swift in Sources */,
				6DACD1552E029DEE0003C05E /* BalanceChartView.swift in Sources */,
				6DACD1522E029DEE0003C05E /* StatisticsViewController.swift in Sources */,
				6DACD1472E029DEE0003C05E /* CoreDataStack.swift in Sources */,
				6DACD1482E029DEE0003C05E /* TransactionRepository.swift in Sources */,
				6DACD1402E029DEE0003C05E /* Transaction.swift in Sources */,
				6DACD1452E029DEE0003C05E /* Constants.swift in Sources */,
				6DACD1582E029DEE0003C05E /* DashboardViewModel.swift in Sources */,
				6DACD1592E029DEE0003C05E /* DashboardHeaderView.swift in Sources */,
				6DACD1512E029DEE0003C05E /* StatisticsViewModel.swift in Sources */,
				6DACD1422E029DEE0003C05E /* AddTransactionUseCase.swift in Sources */,
				6DACD1462E029DEE0003C05E /* UIView+Extensions.swift in Sources */,
				6DACD15E2E029DEE0003C05E /* TransactionTableViewCell.swift in Sources */,
				6DACD15F2E029DEE0003C05E /* ViewModelProtocol.swift in Sources */,
				6DACD1572E029DEE0003C05E /* DashboardViewController.swift in Sources */,
				6DACD14B2E029DEE0003C05E /* TransactionsTestTask.xcdatamodeld in Sources */,
				6DACD1542E029DEE0003C05E /* CategoryBreakdownView.swift in Sources */,
			);
			runOnlyForDeploymentPostprocessing = 0;
		};
		1CA3B6672D22B0F600176711 /* Sources */ = {
			isa = PBXSourcesBuildPhase;
			buildActionMask = 2147483647;
			files = (
				1CA3B6702D22B0F600176711 /* TransactionsTestTaskTests.swift in Sources */,
			);
			runOnlyForDeploymentPostprocessing = 0;
		};
		1CA3B6712D22B0F600176711 /* Sources */ = {
			isa = PBXSourcesBuildPhase;
			buildActionMask = 2147483647;
			files = (
			);
			runOnlyForDeploymentPostprocessing = 0;
		};
/* End PBXSourcesBuildPhase section */

/* Begin PBXTargetDependency section */
		1CA3B66D2D22B0F600176711 /* PBXTargetDependency */ = {
			isa = PBXTargetDependency;
			target = 1CA3B6512D22B0F500176711 /* TransactionsTestTask */;
			targetProxy = 1CA3B66C2D22B0F600176711 /* PBXContainerItemProxy */;
		};
		1CA3B6772D22B0F600176711 /* PBXTargetDependency */ = {
			isa = PBXTargetDependency;
			target = 1CA3B6512D22B0F500176711 /* TransactionsTestTask */;
			targetProxy = 1CA3B6762D22B0F600176711 /* PBXContainerItemProxy */;
		};
/* End PBXTargetDependency section */

/* Begin PBXVariantGroup section */
		6DACD1202E029DEE0003C05E /* LaunchScreen.storyboard */ = {
			isa = PBXVariantGroup;
			children = (
				6DACD1212E029DEE0003C05E /* Base */,
			);
			name = LaunchScreen.storyboard;
			sourceTree = "<group>";
		};
/* End PBXVariantGroup section */

/* Begin XCBuildConfiguration section */
		1CA3B67D2D22B0F600176711 /* Debug */ = {
			isa = XCBuildConfiguration;
			buildSettings = {
				ALWAYS_SEARCH_USER_PATHS = NO;
				ASSETCATALOG_COMPILER_GENERATE_SWIFT_ASSET_SYMBOL_EXTENSIONS = YES;
				CLANG_ANALYZER_NONNULL = YES;
				CLANG_ANALYZER_NUMBER_OBJECT_CONVERSION = YES_AGGRESSIVE;
				CLANG_CXX_LANGUAGE_STANDARD = "gnu++20";
				CLANG_ENABLE_MODULES = YES;
				CLANG_ENABLE_OBJC_ARC = YES;
				CLANG_ENABLE_OBJC_WEAK = YES;
				CLANG_WARN_BLOCK_CAPTURE_AUTORELEASING = YES;
				CLANG_WARN_BOOL_CONVERSION = YES;
				CLANG_WARN_COMMA = YES;
				CLANG_WARN_CONSTANT_CONVERSION = YES;
				CLANG_WARN_DEPRECATED_OBJC_IMPLEMENTATIONS = YES;
				CLANG_WARN_DIRECT_OBJC_ISA_USAGE = YES_ERROR;
				CLANG_WARN_DOCUMENTATION_COMMENTS = YES;
				CLANG_WARN_EMPTY_BODY = YES;
				CLANG_WARN_ENUM_CONVERSION = YES;
				CLANG_WARN_INFINITE_RECURSION = YES;
				CLANG_WARN_INT_CONVERSION = YES;
				CLANG_WARN_NON_LITERAL_NULL_CONVERSION = YES;
				CLANG_WARN_OBJC_IMPLICIT_RETAIN_SELF = YES;
				CLANG_WARN_OBJC_LITERAL_CONVERSION = YES;
				CLANG_WARN_OBJC_ROOT_CLASS = YES_ERROR;
				CLANG_WARN_QUOTED_INCLUDE_IN_FRAMEWORK_HEADER = YES;
				CLANG_WARN_RANGE_LOOP_ANALYSIS = YES;
				CLANG_WARN_STRICT_PROTOTYPES = YES;
				CLANG_WARN_SUSPICIOUS_MOVE = YES;
				CLANG_WARN_UNGUARDED_AVAILABILITY = YES_AGGRESSIVE;
				CLANG_WARN_UNREACHABLE_CODE = YES;
				CLANG_WARN__DUPLICATE_METHOD_MATCH = YES;
				COPY_PHASE_STRIP = NO;
				DEBUG_INFORMATION_FORMAT = dwarf;
				ENABLE_STRICT_OBJC_MSGSEND = YES;
				ENABLE_TESTABILITY = YES;
				ENABLE_USER_SCRIPT_SANDBOXING = YES;
				GCC_C_LANGUAGE_STANDARD = gnu17;
				GCC_DYNAMIC_NO_PIC = NO;
				GCC_NO_COMMON_BLOCKS = YES;
				GCC_OPTIMIZATION_LEVEL = 0;
				GCC_PREPROCESSOR_DEFINITIONS = (
					"DEBUG=1",
					"$(inherited)",
				);
				GCC_WARN_64_TO_32_BIT_CONVERSION = YES;
				GCC_WARN_ABOUT_RETURN_TYPE = YES_ERROR;
				GCC_WARN_UNDECLARED_SELECTOR = YES;
				GCC_WARN_UNINITIALIZED_AUTOS = YES_AGGRESSIVE;
				GCC_WARN_UNUSED_FUNCTION = YES;
				GCC_WARN_UNUSED_VARIABLE = YES;
				IPHONEOS_DEPLOYMENT_TARGET = 17.2;
				LOCALIZATION_PREFERS_STRING_CATALOGS = YES;
				MTL_ENABLE_DEBUG_INFO = INCLUDE_SOURCE;
				MTL_FAST_MATH = YES;
				ONLY_ACTIVE_ARCH = YES;
				SDKROOT = iphoneos;
				SWIFT_ACTIVE_COMPILATION_CONDITIONS = "DEBUG $(inherited)";
				SWIFT_OPTIMIZATION_LEVEL = "-Onone";
			};
			name = Debug;
		};
		1CA3B67E2D22B0F600176711 /* Release */ = {
			isa = XCBuildConfiguration;
			buildSettings = {
				ALWAYS_SEARCH_USER_PATHS = NO;
				ASSETCATALOG_COMPILER_GENERATE_SWIFT_ASSET_SYMBOL_EXTENSIONS = YES;
				CLANG_ANALYZER_NONNULL = YES;
				CLANG_ANALYZER_NUMBER_OBJECT_CONVERSION = YES_AGGRESSIVE;
				CLANG_CXX_LANGUAGE_STANDARD = "gnu++20";
				CLANG_ENABLE_MODULES = YES;
				CLANG_ENABLE_OBJC_ARC = YES;
				CLANG_ENABLE_OBJC_WEAK = YES;
				CLANG_WARN_BLOCK_CAPTURE_AUTORELEASING = YES;
				CLANG_WARN_BOOL_CONVERSION = YES;
				CLANG_WARN_COMMA = YES;
				CLANG_WARN_CONSTANT_CONVERSION = YES;
				CLANG_WARN_DEPRECATED_OBJC_IMPLEMENTATIONS = YES;
				CLANG_WARN_DIRECT_OBJC_ISA_USAGE = YES_ERROR;
				CLANG_WARN_DOCUMENTATION_COMMENTS = YES;
				CLANG_WARN_EMPTY_BODY = YES;
				CLANG_WARN_ENUM_CONVERSION = YES;
				CLANG_WARN_INFINITE_RECURSION = YES;
				CLANG_WARN_INT_CONVERSION = YES;
				CLANG_WARN_NON_LITERAL_NULL_CONVERSION = YES;
				CLANG_WARN_OBJC_IMPLICIT_RETAIN_SELF = YES;
				CLANG_WARN_OBJC_LITERAL_CONVERSION = YES;
				CLANG_WARN_OBJC_ROOT_CLASS = YES_ERROR;
				CLANG_WARN_QUOTED_INCLUDE_IN_FRAMEWORK_HEADER = YES;
				CLANG_WARN_RANGE_LOOP_ANALYSIS = YES;
				CLANG_WARN_STRICT_PROTOTYPES = YES;
				CLANG_WARN_SUSPICIOUS_MOVE = YES;
				CLANG_WARN_UNGUARDED_AVAILABILITY = YES_AGGRESSIVE;
				CLANG_WARN_UNREACHABLE_CODE = YES;
				CLANG_WARN__DUPLICATE_METHOD_MATCH = YES;
				COPY_PHASE_STRIP = NO;
				DEBUG_INFORMATION_FORMAT = "dwarf-with-dsym";
				ENABLE_NS_ASSERTIONS = NO;
				ENABLE_STRICT_OBJC_MSGSEND = YES;
				ENABLE_USER_SCRIPT_SANDBOXING = YES;
				GCC_C_LANGUAGE_STANDARD = gnu17;
				GCC_NO_COMMON_BLOCKS = YES;
				GCC_WARN_64_TO_32_BIT_CONVERSION = YES;
				GCC_WARN_ABOUT_RETURN_TYPE = YES_ERROR;
				GCC_WARN_UNDECLARED_SELECTOR = YES;
				GCC_WARN_UNINITIALIZED_AUTOS = YES_AGGRESSIVE;
				GCC_WARN_UNUSED_FUNCTION = YES;
				GCC_WARN_UNUSED_VARIABLE = YES;
				IPHONEOS_DEPLOYMENT_TARGET = 17.2;
				LOCALIZATION_PREFERS_STRING_CATALOGS = YES;
				MTL_ENABLE_DEBUG_INFO = NO;
				MTL_FAST_MATH = YES;
				SDKROOT = iphoneos;
				SWIFT_COMPILATION_MODE = wholemodule;
				VALIDATE_PRODUCT = YES;
			};
			name = Release;
		};
		1CA3B6802D22B0F600176711 /* Debug */ = {
			isa = XCBuildConfiguration;
			buildSettings = {
				ASSETCATALOG_COMPILER_APPICON_NAME = AppIcon;
				ASSETCATALOG_COMPILER_GLOBAL_ACCENT_COLOR_NAME = AccentColor;
				CODE_SIGN_STYLE = Automatic;
				CURRENT_PROJECT_VERSION = 1;
				DEVELOPMENT_TEAM = NGGLF95RDQ;
				GENERATE_INFOPLIST_FILE = YES;
				INFOPLIST_FILE = TransactionsTestTask/App/Info.plist;
				INFOPLIST_KEY_UIApplicationSupportsIndirectInputEvents = YES;
				INFOPLIST_KEY_UILaunchStoryboardName = LaunchScreen;
				INFOPLIST_KEY_UISupportedInterfaceOrientations_iPad = "UIInterfaceOrientationPortrait UIInterfaceOrientationPortraitUpsideDown UIInterfaceOrientationLandscapeLeft UIInterfaceOrientationLandscapeRight";
				INFOPLIST_KEY_UISupportedInterfaceOrientations_iPhone = "UIInterfaceOrientationPortrait UIInterfaceOrientationLandscapeLeft UIInterfaceOrientationLandscapeRight";
				IPHONEOS_DEPLOYMENT_TARGET = 17.2;
				LD_RUNPATH_SEARCH_PATHS = (
					"$(inherited)",
					"@executable_path/Frameworks",
				);
				MARKETING_VERSION = 1.0;
				PRODUCT_BUNDLE_IDENTIFIER = com.obrio.TransactionsTestTask;
				PRODUCT_NAME = "OBRIO test";
				SWIFT_EMIT_LOC_STRINGS = YES;
				SWIFT_VERSION = 5.0;
				TARGETED_DEVICE_FAMILY = "1,2";
			};
			name = Debug;
		};
		1CA3B6812D22B0F600176711 /* Release */ = {
			isa = XCBuildConfiguration;
			buildSettings = {
				ASSETCATALOG_COMPILER_APPICON_NAME = AppIcon;
				ASSETCATALOG_COMPILER_GLOBAL_ACCENT_COLOR_NAME = AccentColor;
				CODE_SIGN_STYLE = Automatic;
				CURRENT_PROJECT_VERSION = 1;
				DEVELOPMENT_TEAM = NGGLF95RDQ;
				GENERATE_INFOPLIST_FILE = YES;
				INFOPLIST_FILE = TransactionsTestTask/App/Info.plist;
				INFOPLIST_KEY_UIApplicationSupportsIndirectInputEvents = YES;
				INFOPLIST_KEY_UILaunchStoryboardName = LaunchScreen;
				INFOPLIST_KEY_UISupportedInterfaceOrientations_iPad = "UIInterfaceOrientationPortrait UIInterfaceOrientationPortraitUpsideDown UIInterfaceOrientationLandscapeLeft UIInterfaceOrientationLandscapeRight";
				INFOPLIST_KEY_UISupportedInterfaceOrientations_iPhone = "UIInterfaceOrientationPortrait UIInterfaceOrientationLandscapeLeft UIInterfaceOrientationLandscapeRight";
				IPHONEOS_DEPLOYMENT_TARGET = 17.2;
				LD_RUNPATH_SEARCH_PATHS = (
					"$(inherited)",
					"@executable_path/Frameworks",
				);
				MARKETING_VERSION = 1.0;
				PRODUCT_BUNDLE_IDENTIFIER = com.obrio.TransactionsTestTask;
				PRODUCT_NAME = "OBRIO test";
				SWIFT_EMIT_LOC_STRINGS = YES;
				SWIFT_VERSION = 5.0;
				TARGETED_DEVICE_FAMILY = "1,2";
			};
			name = Release;
		};
		1CA3B6832D22B0F600176711 /* Debug */ = {
			isa = XCBuildConfiguration;
			buildSettings = {
				ALWAYS_EMBED_SWIFT_STANDARD_LIBRARIES = YES;
				BUNDLE_LOADER = "$(TEST_HOST)";
				CODE_SIGN_STYLE = Automatic;
				CURRENT_PROJECT_VERSION = 1;
				DEVELOPMENT_TEAM = NGGLF95RDQ;
				GENERATE_INFOPLIST_FILE = YES;
				IPHONEOS_DEPLOYMENT_TARGET = 17.2;
				MARKETING_VERSION = 1.0;
				PRODUCT_BUNDLE_IDENTIFIER = com.obrio.TransactionsTestTaskTests;
				PRODUCT_NAME = "$(TARGET_NAME)";
				SWIFT_EMIT_LOC_STRINGS = NO;
				SWIFT_VERSION = 5.0;
				TARGETED_DEVICE_FAMILY = "1,2";
				TEST_HOST = "$(BUILT_PRODUCTS_DIR)/TransactionsTestTask.app/$(BUNDLE_EXECUTABLE_FOLDER_PATH)/TransactionsTestTask";
			};
			name = Debug;
		};
		1CA3B6842D22B0F600176711 /* Release */ = {
			isa = XCBuildConfiguration;
			buildSettings = {
				ALWAYS_EMBED_SWIFT_STANDARD_LIBRARIES = YES;
				BUNDLE_LOADER = "$(TEST_HOST)";
				CODE_SIGN_STYLE = Automatic;
				CURRENT_PROJECT_VERSION = 1;
				DEVELOPMENT_TEAM = NGGLF95RDQ;
				GENERATE_INFOPLIST_FILE = YES;
				IPHONEOS_DEPLOYMENT_TARGET = 17.2;
				MARKETING_VERSION = 1.0;
				PRODUCT_BUNDLE_IDENTIFIER = com.obrio.TransactionsTestTaskTests;
				PRODUCT_NAME = "$(TARGET_NAME)";
				SWIFT_EMIT_LOC_STRINGS = NO;
				SWIFT_VERSION = 5.0;
				TARGETED_DEVICE_FAMILY = "1,2";
				TEST_HOST = "$(BUILT_PRODUCTS_DIR)/TransactionsTestTask.app/$(BUNDLE_EXECUTABLE_FOLDER_PATH)/TransactionsTestTask";
			};
			name = Release;
		};
		1CA3B6862D22B0F600176711 /* Debug */ = {
			isa = XCBuildConfiguration;
			buildSettings = {
				ALWAYS_EMBED_SWIFT_STANDARD_LIBRARIES = YES;
				CODE_SIGN_STYLE = Automatic;
				CURRENT_PROJECT_VERSION = 1;
				DEVELOPMENT_TEAM = NGGLF95RDQ;
				GENERATE_INFOPLIST_FILE = YES;
				MARKETING_VERSION = 1.0;
				PRODUCT_BUNDLE_IDENTIFIER = com.obrio.TransactionsTestTaskUITests;
				PRODUCT_NAME = "$(TARGET_NAME)";
				SWIFT_EMIT_LOC_STRINGS = NO;
				SWIFT_VERSION = 5.0;
				TARGETED_DEVICE_FAMILY = "1,2";
				TEST_TARGET_NAME = TransactionsTestTask;
			};
			name = Debug;
		};
		1CA3B6872D22B0F600176711 /* Release */ = {
			isa = XCBuildConfiguration;
			buildSettings = {
				ALWAYS_EMBED_SWIFT_STANDARD_LIBRARIES = YES;
				CODE_SIGN_STYLE = Automatic;
				CURRENT_PROJECT_VERSION = 1;
				DEVELOPMENT_TEAM = NGGLF95RDQ;
				GENERATE_INFOPLIST_FILE = YES;
				MARKETING_VERSION = 1.0;
				PRODUCT_BUNDLE_IDENTIFIER = com.obrio.TransactionsTestTaskUITests;
				PRODUCT_NAME = "$(TARGET_NAME)";
				SWIFT_EMIT_LOC_STRINGS = NO;
				SWIFT_VERSION = 5.0;
				TARGETED_DEVICE_FAMILY = "1,2";
				TEST_TARGET_NAME = TransactionsTestTask;
			};
			name = Release;
		};
/* End XCBuildConfiguration section */

/* Begin XCConfigurationList section */
		1CA3B64D2D22B0F500176711 /* Build configuration list for PBXProject "TransactionsTestTask" */ = {
			isa = XCConfigurationList;
			buildConfigurations = (
				1CA3B67D2D22B0F600176711 /* Debug */,
				1CA3B67E2D22B0F600176711 /* Release */,
			);
			defaultConfigurationIsVisible = 0;
			defaultConfigurationName = Release;
		};
		1CA3B67F2D22B0F600176711 /* Build configuration list for PBXNativeTarget "TransactionsTestTask" */ = {
			isa = XCConfigurationList;
			buildConfigurations = (
				1CA3B6802D22B0F600176711 /* Debug */,
				1CA3B6812D22B0F600176711 /* Release */,
			);
			defaultConfigurationIsVisible = 0;
			defaultConfigurationName = Release;
		};
		1CA3B6822D22B0F600176711 /* Build configuration list for PBXNativeTarget "TransactionsTestTaskTests" */ = {
			isa = XCConfigurationList;
			buildConfigurations = (
				1CA3B6832D22B0F600176711 /* Debug */,
				1CA3B6842D22B0F600176711 /* Release */,
			);
			defaultConfigurationIsVisible = 0;
			defaultConfigurationName = Release;
		};
		1CA3B6852D22B0F600176711 /* Build configuration list for PBXNativeTarget "TransactionsTestTaskUITests" */ = {
			isa = XCConfigurationList;
			buildConfigurations = (
				1CA3B6862D22B0F600176711 /* Debug */,
				1CA3B6872D22B0F600176711 /* Release */,
			);
			defaultConfigurationIsVisible = 0;
			defaultConfigurationName = Release;
		};
/* End XCConfigurationList section */

/* Begin XCVersionGroup section */
		6DACD11D2E029DEE0003C05E /* TransactionsTestTask.xcdatamodeld */ = {
			isa = XCVersionGroup;
			children = (
				6DACD11E2E029DEE0003C05E /* TransactionsTestTask.xcdatamodel */,
			);
			currentVersion = 6DACD11E2E029DEE0003C05E /* TransactionsTestTask.xcdatamodel */;
			path = TransactionsTestTask.xcdatamodeld;
			sourceTree = "<group>";
			versionGroupType = wrapper.xcdatamodel;
		};
/* End XCVersionGroup section */
	};
	rootObject = 1CA3B64A2D22B0F500176711 /* Project object */;
}
